
Microsoft Visual Studio Solution File, Format Version 12.00
Project("{FAE04EC0-301F-11D3-BF4B-00C04F79EFBC}") = "RetroChat", "RetroChat\RetroChat.csproj", "{0A86D419-3AD8-4F06-A3E5-F4BC6DD1FDEE}"
EndProject
Global
	GlobalSection(SolutionConfigurationPlatforms) = preSolution
		Debug|Any CPU = Debug|Any CPU
		Release|Any CPU = Release|Any CPU
	EndGlobalSection
	GlobalSection(ProjectConfigurationPlatforms) = postSolution
		{0A86D419-3AD8-4F06-A3E5-F4BC6DD1FDEE}.Debug|Any CPU.ActiveCfg = Debug|Any CPU
		{0A86D419-3AD8-4F06-A3E5-F4BC6DD1FDEE}.Debug|Any CPU.Build.0 = Debug|Any CPU
		{0A86D419-3AD8-4F06-A3E5-F4BC6DD1FDEE}.Release|Any CPU.ActiveCfg = Release|Any CPU
		{0A86D419-3AD8-4F06-A3E5-F4BC6DD1FDEE}.Release|Any CPU.Build.0 = Release|Any CPU
	EndGlobalSection
EndGlobal
